
Microsoft Visual Studio Solution File, Format Version 12.00
# Visual Studio Version 17
VisualStudioVersion = 17.7.34031.279
MinimumVisualStudioVersion = 10.0.40219.1
Project("{FAE04EC0-301F-11D3-BF4B-00C04F79EFBC}") = "WPF", "WPF.csproj", "{5A137A35-50B9-43FB-8C02-ED73BD62A898}"
EndProject
Project("{FAE04EC0-301F-11D3-BF4B-00C04F79EFBC}") = "TimeManagementLibrary", "..\TimeManagementLibrary\TimeManagementLibrary.csproj", "{028965E2-4CE3-43D5-9088-823B5EE6D415}"
EndProject
Global
	GlobalSection(SolutionConfigurationPlatforms) = preSolution
		Debug|Any CPU = Debug|Any CPU
		Release|Any CPU = Release|Any CPU
	EndGlobalSection
	GlobalSection(ProjectConfigurationPlatforms) = postSolution
		{5A137A35-50B9-43FB-8C02-ED73BD62A898}.Debug|Any CPU.ActiveCfg = Debug|Any CPU
		{5A137A35-50B9-43FB-8C02-ED73BD62A898}.Debug|Any CPU.Build.0 = Debug|Any CPU
		{5A137A35-50B9-43FB-8C02-ED73BD62A898}.Release|Any CPU.ActiveCfg = Release|Any CPU
		{5A137A35-50B9-43FB-8C02-ED73BD62A898}.Release|Any CPU.Build.0 = Release|Any CPU
		{028965E2-4CE3-43D5-9088-823B5EE6D415}.Debug|Any CPU.ActiveCfg = Debug|Any CPU
		{028965E2-4CE3-43D5-9088-823B5EE6D415}.Debug|Any CPU.Build.0 = Debug|Any CPU
		{028965E2-4CE3-43D5-9088-823B5EE6D415}.Release|Any CPU.ActiveCfg = Release|Any CPU
		{028965E2-4CE3-43D5-9088-823B5EE6D415}.Release|Any CPU.Build.0 = Release|Any CPU
	EndGlobalSection
	GlobalSection(SolutionProperties) = preSolution
		HideSolutionNode = FALSE
	EndGlobalSection
	GlobalSection(ExtensibilityGlobals) = postSolution
		SolutionGuid = {E4390B82-BC4B-45E9-AD37-EA18F8528566}
	EndGlobalSection
EndGlobal
